
Microsoft Visual Studio Solution File, Format Version 12.00
# Visual Studio 15
VisualStudioVersion = 15.0.28307.136
MinimumVisualStudioVersion = 10.0.40219.1
Project("{2150E333-8FDC-42A3-9474-1A3956D46DE8}") = "Solution Items", "Solution Items", "{7B2EE1CB-9969-4234-892D-EBBC8DA96C58}"
	ProjectSection(SolutionItems) = preProject
		.gitignore = .gitignore
		faveicon.ico = faveicon.ico
		Makefile = Makefile
	EndProjectSection
EndProject
Project("{2150E333-8FDC-42A3-9474-1A3956D46DE8}") = "Docs", "Docs", "{CBBE5E7C-1AA2-4243-B21B-2C2DC4C76476}"
	ProjectSection(SolutionItems) = preProject
		LICENSE = LICENSE
		README.md = README.md
	EndProjectSection
EndProject
Project("{2150E333-8FDC-42A3-9474-1A3956D46DE8}") = "Backend.RuleSet", "Backend.RuleSet", "{C76412CD-46F6-46E1-8B0E-B7B6470D5E1F}"
	ProjectSection(SolutionItems) = preProject
		Backend.Api.For.Minio.ruleset = Backend.Api.For.Minio.ruleset
		Settings.StyleCop = Settings.StyleCop
	EndProjectSection
EndProject
Project("{2150E333-8FDC-42A3-9474-1A3956D46DE8}") = "Settings", "Settings", "{5712F8DA-966D-434E-8213-6E54F033B005}"
	ProjectSection(SolutionItems) = preProject
		Settings\appsettings.json = Settings\appsettings.json
	EndProjectSection
EndProject
Project("{9A19103F-16F7-4668-BE54-9A1E7A4F7556}") = "Backend.Manager", "Backend.Manager\Backend.Manager.csproj", "{C288098D-99CA-4810-AC39-AB3EAB5DC058}"
EndProject
Project("{9A19103F-16F7-4668-BE54-9A1E7A4F7556}") = "Backend.Tests", "Backend.Tests\Backend.Tests.csproj", "{E6667198-6C15-4938-BC7C-9D8A14E46494}"
EndProject
Project("{9A19103F-16F7-4668-BE54-9A1E7A4F7556}") = "Backend.API", "Backend.API\Backend.API.csproj", "{BF41FB2C-07B8-41B3-BF63-72D942D424E3}"
EndProject
Project("{2150E333-8FDC-42A3-9474-1A3956D46DE8}") = "docker", "docker", "{F461EB32-EEFB-4174-A346-01194601AB0D}"
	ProjectSection(SolutionItems) = preProject
		docker-compose.yml = docker-compose.yml
	EndProjectSection
EndProject
Global
	GlobalSection(SolutionConfigurationPlatforms) = preSolution
		Debug|Any CPU = Debug|Any CPU
		Release|Any CPU = Release|Any CPU
	EndGlobalSection
	GlobalSection(ProjectConfigurationPlatforms) = postSolution
		{C288098D-99CA-4810-AC39-AB3EAB5DC058}.Debug|Any CPU.ActiveCfg = Debug|Any CPU
		{C288098D-99CA-4810-AC39-AB3EAB5DC058}.Debug|Any CPU.Build.0 = Debug|Any CPU
		{C288098D-99CA-4810-AC39-AB3EAB5DC058}.Release|Any CPU.ActiveCfg = Release|Any CPU
		{C288098D-99CA-4810-AC39-AB3EAB5DC058}.Release|Any CPU.Build.0 = Release|Any CPU
		{E6667198-6C15-4938-BC7C-9D8A14E46494}.Debug|Any CPU.ActiveCfg = Debug|Any CPU
		{E6667198-6C15-4938-BC7C-9D8A14E46494}.Debug|Any CPU.Build.0 = Debug|Any CPU
		{E6667198-6C15-4938-BC7C-9D8A14E46494}.Release|Any CPU.ActiveCfg = Release|Any CPU
		{E6667198-6C15-4938-BC7C-9D8A14E46494}.Release|Any CPU.Build.0 = Release|Any CPU
		{BF41FB2C-07B8-41B3-BF63-72D942D424E3}.Debug|Any CPU.ActiveCfg = Debug|Any CPU
		{BF41FB2C-07B8-41B3-BF63-72D942D424E3}.Debug|Any CPU.Build.0 = Debug|Any CPU
		{BF41FB2C-07B8-41B3-BF63-72D942D424E3}.Release|Any CPU.ActiveCfg = Release|Any CPU
		{BF41FB2C-07B8-41B3-BF63-72D942D424E3}.Release|Any CPU.Build.0 = Release|Any CPU
	EndGlobalSection
	GlobalSection(SolutionProperties) = preSolution
		HideSolutionNode = FALSE
	EndGlobalSection
	GlobalSection(NestedProjects) = preSolution
		{CBBE5E7C-1AA2-4243-B21B-2C2DC4C76476} = {7B2EE1CB-9969-4234-892D-EBBC8DA96C58}
		{C76412CD-46F6-46E1-8B0E-B7B6470D5E1F} = {7B2EE1CB-9969-4234-892D-EBBC8DA96C58}
		{5712F8DA-966D-434E-8213-6E54F033B005} = {7B2EE1CB-9969-4234-892D-EBBC8DA96C58}
		{F461EB32-EEFB-4174-A346-01194601AB0D} = {7B2EE1CB-9969-4234-892D-EBBC8DA96C58}
	EndGlobalSection
	GlobalSection(ExtensibilityGlobals) = postSolution
		SolutionGuid = {FC4A02DE-5834-4B9F-981F-BD88EE469133}
	EndGlobalSection
EndGlobal
